
Microsoft Visual Studio Solution File, Format Version 12.00
# Visual Studio Version 16
VisualStudioVersion = 16.0.31729.503
MinimumVisualStudioVersion = 10.0.40219.1
Project("{FAE04EC0-301F-11D3-BF4B-00C04F79EFBC}") = "FormExtrapolate", "FormExtrapolate\FormExtrapolate.csproj", "{8AAFDA44-952A-4919-A772-C41160454E7B}"
EndProject
Global
	GlobalSection(SolutionConfigurationPlatforms) = preSolution
		Debug|Any CPU = Debug|Any CPU
		Release|Any CPU = Release|Any CPU
	EndGlobalSection
	GlobalSection(ProjectConfigurationPlatforms) = postSolution
		{8AAFDA44-952A-4919-A772-C41160454E7B}.Debug|Any CPU.ActiveCfg = Debug|Any CPU
		{8AAFDA44-952A-4919-A772-C41160454E7B}.Debug|Any CPU.Build.0 = Debug|Any CPU
		{8AAFDA44-952A-4919-A772-C41160454E7B}.Release|Any CPU.ActiveCfg = Release|Any CPU
		{8AAFDA44-952A-4919-A772-C41160454E7B}.Release|Any CPU.Build.0 = Release|Any CPU
	EndGlobalSection
	GlobalSection(SolutionProperties) = preSolution
		HideSolutionNode = FALSE
	EndGlobalSection
	GlobalSection(ExtensibilityGlobals) = postSolution
		SolutionGuid = {4ACE4D1D-E6E0-45AC-B95E-959C72402BE7}
	EndGlobalSection
EndGlobal
